Microsoft Visual Studio Solution File, Format Version 8.00
Project("{8BC9CEB8-8B4A-11D0-8D11-00A0C91BC942}") = "Cartoon", "src\Cartoon\Cartoon.vcproj", "{DA5E7FC0-CC85-45A7-8D1E-E80A813F2705}"
	ProjectSection(ProjectDependencies) = postProject
	EndProjectSection
EndProject
Project("{8BC9CEB8-8B4A-11D0-8D11-00A0C91BC942}") = "Parallax", "src\Parallax\Parallax.vcproj", "{32EBA7EF-137A-4C06-8E1B-383F27A0E0C1}"
	ProjectSection(ProjectDependencies) = postProject
	EndProjectSection
EndProject
Project("{8BC9CEB8-8B4A-11D0-8D11-00A0C91BC942}") = "Vertex Displacement", "src\VertexDisplacement\VertexDisplacement.vcproj", "{63128457-8C79-4C9F-ACB7-506537BBC4BE}"
	ProjectSection(ProjectDependencies) = postProject
	EndProjectSection
EndProject
Project("{8BC9CEB8-8B4A-11D0-8D11-00A0C91BC942}") = "Distance Mapping", "src\DistanceMapping\DistanceMapping.vcproj", "{32EBA7EF-137A-4C06-8E1B-383F27A0E0C1}"
	ProjectSection(ProjectDependencies) = postProject
	EndProjectSection
EndProject
Project("{8BC9CEB8-8B4A-11D0-8D11-00A0C91BC942}") = "Electro", "src\Electro\Electro.vcproj", "{32EBA7EF-137A-4C06-8E1B-383F27A0E0C1}"
	ProjectSection(ProjectDependencies) = postProject
	EndProjectSection
EndProject
Project("{8BC9CEB8-8B4A-11D0-8D11-00A0C91BC942}") = "Fractal", "src\Fractal\Fractal.vcproj", "{32EBA7EF-137A-4C06-8E1B-383F27A0E0C1}"
	ProjectSection(ProjectDependencies) = postProject
	EndProjectSection
EndProject
Project("{8BC9CEB8-8B4A-11D0-8D11-00A0C91BC942}") = "Refract", "src\Refract\Refract.vcproj", "{89215096-621F-48B4-8E29-EFC5ABFBCD7F}"
	ProjectSection(ProjectDependencies) = postProject
	EndProjectSection
EndProject
Project("{8BC9CEB8-8B4A-11D0-8D11-00A0C91BC942}") = "AsciiArts", "src\AsciiArts\AsciiArts.vcproj", "{3BD6D055-0FB5-436A-B004-BCCF0898FA61}"
	ProjectSection(ProjectDependencies) = postProject
	EndProjectSection
EndProject
Project("{8BC9CEB8-8B4A-11D0-8D11-00A0C91BC942}") = "ShadowCubeMap", "src\ShadowCubeMap\ShadowCubeMap.vcproj", "{6E5EDEDF-5BD7-4AAA-83CC-D93955801020}"
	ProjectSection(ProjectDependencies) = postProject
	EndProjectSection
EndProject
Project("{8BC9CEB8-8B4A-11D0-8D11-00A0C91BC942}") = "Instancing", "src\Instancing\Instancing.vcproj", "{FA98FBF0-62D4-449E-B81B-3C53FD9A6EF1}"
	ProjectSection(ProjectDependencies) = postProject
	EndProjectSection
EndProject
Global
	GlobalSection(SolutionConfiguration) = preSolution
		Debug = Debug
		Release = Release
	EndGlobalSection
	GlobalSection(ProjectConfiguration) = postSolution
		{DA5E7FC0-CC85-45A7-8D1E-E80A813F2705}.Debug.ActiveCfg = Debug|Win32
		{DA5E7FC0-CC85-45A7-8D1E-E80A813F2705}.Debug.Build.0 = Debug|Win32
		{DA5E7FC0-CC85-45A7-8D1E-E80A813F2705}.Release.ActiveCfg = Release|Win32
		{DA5E7FC0-CC85-45A7-8D1E-E80A813F2705}.Release.Build.0 = Release|Win32
		{32EBA7EF-137A-4C06-8E1B-383F27A0E0C1}.Debug.ActiveCfg = Debug|Win32
		{32EBA7EF-137A-4C06-8E1B-383F27A0E0C1}.Debug.Build.0 = Debug|Win32
		{32EBA7EF-137A-4C06-8E1B-383F27A0E0C1}.Release.ActiveCfg = Release|Win32
		{32EBA7EF-137A-4C06-8E1B-383F27A0E0C1}.Release.Build.0 = Release|Win32
		{63128457-8C79-4C9F-ACB7-506537BBC4BE}.Debug.ActiveCfg = Debug|Win32
		{63128457-8C79-4C9F-ACB7-506537BBC4BE}.Debug.Build.0 = Debug|Win32
		{63128457-8C79-4C9F-ACB7-506537BBC4BE}.Release.ActiveCfg = Release|Win32
		{63128457-8C79-4C9F-ACB7-506537BBC4BE}.Release.Build.0 = Release|Win32
		{32EBA7EF-137A-4C06-8E1B-383F27A0E0C1}.Debug.ActiveCfg = Debug|Win32
		{32EBA7EF-137A-4C06-8E1B-383F27A0E0C1}.Debug.Build.0 = Debug|Win32
		{32EBA7EF-137A-4C06-8E1B-383F27A0E0C1}.Release.ActiveCfg = Release|Win32
		{32EBA7EF-137A-4C06-8E1B-383F27A0E0C1}.Release.Build.0 = Release|Win32
		{32EBA7EF-137A-4C06-8E1B-383F27A0E0C1}.Debug.ActiveCfg = Debug|Win32
		{32EBA7EF-137A-4C06-8E1B-383F27A0E0C1}.Debug.Build.0 = Debug|Win32
		{32EBA7EF-137A-4C06-8E1B-383F27A0E0C1}.Release.ActiveCfg = Release|Win32
		{32EBA7EF-137A-4C06-8E1B-383F27A0E0C1}.Release.Build.0 = Release|Win32
		{32EBA7EF-137A-4C06-8E1B-383F27A0E0C1}.Debug.ActiveCfg = Debug|Win32
		{32EBA7EF-137A-4C06-8E1B-383F27A0E0C1}.Debug.Build.0 = Debug|Win32
		{32EBA7EF-137A-4C06-8E1B-383F27A0E0C1}.Release.ActiveCfg = Release|Win32
		{32EBA7EF-137A-4C06-8E1B-383F27A0E0C1}.Release.Build.0 = Release|Win32
		{89215096-621F-48B4-8E29-EFC5ABFBCD7F}.Debug.ActiveCfg = Debug|Win32
		{89215096-621F-48B4-8E29-EFC5ABFBCD7F}.Debug.Build.0 = Debug|Win32
		{89215096-621F-48B4-8E29-EFC5ABFBCD7F}.Release.ActiveCfg = Release|Win32
		{89215096-621F-48B4-8E29-EFC5ABFBCD7F}.Release.Build.0 = Release|Win32
		{3BD6D055-0FB5-436A-B004-BCCF0898FA61}.Debug.ActiveCfg = Debug|Win32
		{3BD6D055-0FB5-436A-B004-BCCF0898FA61}.Debug.Build.0 = Debug|Win32
		{3BD6D055-0FB5-436A-B004-BCCF0898FA61}.Release.ActiveCfg = Release|Win32
		{3BD6D055-0FB5-436A-B004-BCCF0898FA61}.Release.Build.0 = Release|Win32
		{6E5EDEDF-5BD7-4AAA-83CC-D93955801020}.Debug.ActiveCfg = Debug|Win32
		{6E5EDEDF-5BD7-4AAA-83CC-D93955801020}.Debug.Build.0 = Debug|Win32
		{6E5EDEDF-5BD7-4AAA-83CC-D93955801020}.Release.ActiveCfg = Release|Win32
		{6E5EDEDF-5BD7-4AAA-83CC-D93955801020}.Release.Build.0 = Release|Win32
		{FA98FBF0-62D4-449E-B81B-3C53FD9A6EF1}.Debug.ActiveCfg = Debug|Win32
		{FA98FBF0-62D4-449E-B81B-3C53FD9A6EF1}.Debug.Build.0 = Debug|Win32
		{FA98FBF0-62D4-449E-B81B-3C53FD9A6EF1}.Release.ActiveCfg = Release|Win32
		{FA98FBF0-62D4-449E-B81B-3C53FD9A6EF1}.Release.Build.0 = Release|Win32
	EndGlobalSection
	GlobalSection(ExtensibilityGlobals) = postSolution
	EndGlobalSection
	GlobalSection(ExtensibilityAddIns) = postSolution
	EndGlobalSection
EndGlobal
